
Microsoft Visual Studio Solution File, Format Version 12.00
# Visual Studio 15
VisualStudioVersion = 15.0.28307.1062
MinimumVisualStudioVersion = 10.0.40219.1
Project("{8BC9CEB8-8B4A-11D0-8D11-00A0C91BC942}") = "test4.10_3", "test4.10_3\test4.10_3.vcxproj", "{008A646A-A97A-4550-B41C-CE36A05E1A4E}"
EndProject
Global
	GlobalSection(SolutionConfigurationPlatforms) = preSolution
		Debug|x64 = Debug|x64
		Debug|x86 = Debug|x86
		Release|x64 = Release|x64
		Release|x86 = Release|x86
	EndGlobalSection
	GlobalSection(ProjectConfigurationPlatforms) = postSolution
		{008A646A-A97A-4550-B41C-CE36A05E1A4E}.Debug|x64.ActiveCfg = Debug|x64
		{008A646A-A97A-4550-B41C-CE36A05E1A4E}.Debug|x64.Build.0 = Debug|x64
		{008A646A-A97A-4550-B41C-CE36A05E1A4E}.Debug|x86.ActiveCfg = Debug|Win32
		{008A646A-A97A-4550-B41C-CE36A05E1A4E}.Debug|x86.Build.0 = Debug|Win32
		{008A646A-A97A-4550-B41C-CE36A05E1A4E}.Release|x64.ActiveCfg = Release|x64
		{008A646A-A97A-4550-B41C-CE36A05E1A4E}.Release|x64.Build.0 = Release|x64
		{008A646A-A97A-4550-B41C-CE36A05E1A4E}.Release|x86.ActiveCfg = Release|Win32
		{008A646A-A97A-4550-B41C-CE36A05E1A4E}.Release|x86.Build.0 = Release|Win32
	EndGlobalSection
	GlobalSection(SolutionProperties) = preSolution
		HideSolutionNode = FALSE
	EndGlobalSection
	GlobalSection(ExtensibilityGlobals) = postSolution
		SolutionGuid = {CA2F7F6B-5956-4E65-89FE-1496DBC7175F}
	EndGlobalSection
EndGlobal
